<?xml version="1.0" encoding="utf-8"?>
<Project ToolsVersion="4.0" xmlns="http://schemas.microsoft.com/developer/msbuild/2003">
  <ItemGroup>
    <Filter Include="Source Files">
      <UniqueIdentifier>{4FC737F1-C7A5-4376-A066-2A32D752A2FF}</UniqueIdentifier>
      <Extensions>cpp;c;cc;cxx;c++;cppm;ixx;def;odl;idl;hpj;bat;asm;asmx</Extensions>
    </Filter>
    <Filter Include="Header Files">
      <UniqueIdentifier>{93995380-89BD-4b04-88EB-625FBE52EBFB}</UniqueIdentifier>
      <Extensions>h;hh;hpp;hxx;h++;hm;inl;inc;ipp;xsd</Extensions>
    </Filter>
    <Filter Include="Resource Files">
      <UniqueIdentifier>{67DA6AB6-F800-4c08-8B7A-83BB121AAD01}</UniqueIdentifier>
      <Extensions>rc;ico;cur;bmp;dlg;rc2;rct;bin;rgs;gif;jpg;jpeg;jpe;resx;tiff;tif;png;wav;mfcribbon-ms</Extensions>
    </Filter>
  </ItemGroup>
  <ItemGroup>
    <ClCompile Include="AdventOfCode.cpp">
      <Filter>Source Files</Filter>
    </ClCompile>
    <ClCompile Include="SolvePuzzle.ixx">
      <Filter>Source Files</Filter>
    </ClCompile>
    <ClCompile Include="AdventDate.ixx">
      <Filter>Source Files</Filter>
    </ClCompile>
    <ClCompile Include="Errors.ixx">
      <Filter>Source Files</Filter>
    </ClCompile>
    <ClCompile Include="2015\Puzzle2015.ixx">
      <Filter>Source Files</Filter>
    </ClCompile>
    <ClCompile Include="Stopwatch.ixx">
      <Filter>Source Files</Filter>
    </ClCompile>
    <ClCompile Include="IO.ixx">
      <Filter>Source Files</Filter>
    </ClCompile>
    <ClCompile Include="IO.cpp">
      <Filter>Source Files</Filter>
    </ClCompile>
    <ClCompile Include="AdventDate.cpp">
      <Filter>Source Files</Filter>
    </ClCompile>
    <ClCompile Include="2015\Puzzle2015-D01.ixx">
      <Filter>Source Files</Filter>
    </ClCompile>
    <ClCompile Include="2015\Puzzle2015-D01.cpp">
      <Filter>Source Files</Filter>
    </ClCompile>
    <ClCompile Include="2015\Puzzle2015-D03.ixx">
      <Filter>Source Files</Filter>
    </ClCompile>
    <ClCompile Include="2015\Puzzle2015-D03.cpp">
      <Filter>Source Files</Filter>
    </ClCompile>
    <ClCompile Include="Point2D.ixx">
      <Filter>Source Files</Filter>
    </ClCompile>
    <ClCompile Include="Stopwatch.cpp">
      <Filter>Source Files</Filter>
    </ClCompile>
    <ClCompile Include="Errors.cpp">
      <Filter>Source Files</Filter>
    </ClCompile>
    <ClCompile Include="SolvePuzzle.cpp">
      <Filter>Source Files</Filter>
    </ClCompile>
    <ClCompile Include="2015\Puzzle2015-D02.ixx">
      <Filter>Source Files</Filter>
    </ClCompile>
    <ClCompile Include="2015\Puzzle2015-D02.cpp">
      <Filter>Source Files</Filter>
    </ClCompile>
    <ClCompile Include="2015\Puzzle2015-D04.ixx">
      <Filter>Source Files</Filter>
    </ClCompile>
    <ClCompile Include="2015\Puzzle2015-D04.cpp">
      <Filter>Source Files</Filter>
    </ClCompile>
    <ClCompile Include="2015\md5.cpp">
      <Filter>Source Files</Filter>
    </ClCompile>
    <ClCompile Include="2015\Puzzle2015-D05.ixx">
      <Filter>Source Files</Filter>
    </ClCompile>
    <ClCompile Include="2015\Puzzle2015-D05.cpp">
      <Filter>Source Files</Filter>
    </ClCompile>
    <ClCompile Include="2023\Puzzle2023.ixx">
      <Filter>Source Files</Filter>
    </ClCompile>
    <ClCompile Include="2023\Puzzle2023-D01.ixx">
      <Filter>Source Files</Filter>
    </ClCompile>
    <ClCompile Include="2023\Puzzle2023-D01.cpp">
      <Filter>Source Files</Filter>
    </ClCompile>
    <ClCompile Include="BasicImports.ixx">
      <Filter>Source Files</Filter>
    </ClCompile>
    <ClCompile Include="2023\Puzzle2023-D02.ixx">
      <Filter>Source Files</Filter>
    </ClCompile>
    <ClCompile Include="2023\Puzzle2023-D02.cpp">
      <Filter>Source Files</Filter>
    </ClCompile>
    <ClCompile Include="2023\Puzzle2023-D03.ixx">
      <Filter>Source Files</Filter>
    </ClCompile>
    <ClCompile Include="2023\Puzzle2023-D03.cpp">
      <Filter>Source Files</Filter>
    </ClCompile>
    <ClCompile Include="2015\Puzzle2015-D06.ixx">
      <Filter>Source Files</Filter>
    </ClCompile>
    <ClCompile Include="2015\Puzzle2015-D06.cpp">
      <Filter>Source Files</Filter>
    </ClCompile>
    <ClCompile Include="Grid2D.ixx">
      <Filter>Source Files</Filter>
    </ClCompile>
    <ClCompile Include="2015\Puzzle2015-D07.ixx">
      <Filter>Source Files</Filter>
    </ClCompile>
    <ClCompile Include="2015\Puzzle2015-D07.cpp">
      <Filter>Source Files</Filter>
    </ClCompile>
    <ClCompile Include="2015\Puzzle2015.cpp">
      <Filter>Source Files</Filter>
    </ClCompile>
    <ClCompile Include="2023\Puzzle2023.cpp">
      <Filter>Source Files</Filter>
    </ClCompile>
    <ClCompile Include="2015\Puzzle2015-D08.ixx">
      <Filter>Source Files</Filter>
    </ClCompile>
    <ClCompile Include="2015\Puzzle2015-D08.cpp">
      <Filter>Source Files</Filter>
    </ClCompile>
    <ClCompile Include="2015\Puzzle2015-D09.ixx">
      <Filter>Source Files</Filter>
    </ClCompile>
    <ClCompile Include="2015\Puzzle2015-D09.cpp">
      <Filter>Source Files</Filter>
    </ClCompile>
    <ClCompile Include="2023\Puzzle2023-D04.ixx">
      <Filter>Source Files</Filter>
    </ClCompile>
    <ClCompile Include="2023\Puzzle2023-D04.cpp">
      <Filter>Source Files</Filter>
    </ClCompile>
    <ClCompile Include="2023\Puzzle2023-D06.ixx">
      <Filter>Source Files</Filter>
    </ClCompile>
    <ClCompile Include="2023\Puzzle2023-D06.cpp">
      <Filter>Source Files</Filter>
    </ClCompile>
    <ClCompile Include="2023\Puzzle2023-D05.ixx">
      <Filter>Source Files</Filter>
    </ClCompile>
    <ClCompile Include="2023\Puzzle2023-D05.cpp">
      <Filter>Source Files</Filter>
    </ClCompile>
    <ClCompile Include="2023\Puzzle2023-D07.ixx">
      <Filter>Source Files</Filter>
    </ClCompile>
    <ClCompile Include="2023\Puzzle2023-D07.cpp">
      <Filter>Source Files</Filter>
    </ClCompile>
    <ClCompile Include="2023\Puzzle2023-D08.ixx">
      <Filter>Source Files</Filter>
    </ClCompile>
    <ClCompile Include="2023\Puzzle2023-D08.cpp">
      <Filter>Source Files</Filter>
    </ClCompile>
    <ClCompile Include="2023\Puzzle2023-D09.ixx">
      <Filter>Source Files</Filter>
    </ClCompile>
    <ClCompile Include="2023\Puzzle2023-D09.cpp">
      <Filter>Source Files</Filter>
    </ClCompile>
    <ClCompile Include="2023\Puzzle2023-D10.ixx">
      <Filter>Source Files</Filter>
    </ClCompile>
    <ClCompile Include="2023\Puzzle2023-D10.cpp">
      <Filter>Source Files</Filter>
    </ClCompile>
    <ClCompile Include="2023\Puzzle2023-D11.ixx">
      <Filter>Source Files</Filter>
    </ClCompile>
    <ClCompile Include="2023\Puzzle2023-D11.cpp">
      <Filter>Source Files</Filter>
    </ClCompile>
    <ClCompile Include="2015\Puzzle2015-D10.cpp">
      <Filter>Source Files</Filter>
    </ClCompile>
    <ClCompile Include="2015\Puzzle2015-D10.ixx">
      <Filter>Source Files</Filter>
    </ClCompile>
    <ClCompile Include="2015\Puzzle2015-D11.ixx">
      <Filter>Source Files</Filter>
    </ClCompile>
    <ClCompile Include="2015\Puzzle2015-D11.cpp">
      <Filter>Source Files</Filter>
    </ClCompile>
    <ClCompile Include="2015\Puzzle2015-D12.ixx">
      <Filter>Source Files</Filter>
    </ClCompile>
    <ClCompile Include="2015\Puzzle2015-D12.cpp">
      <Filter>Source Files</Filter>
    </ClCompile>
    <ClCompile Include="2023\Puzzle2023-D13.cpp">
      <Filter>Source Files</Filter>
    </ClCompile>
    <ClCompile Include="2023\Puzzle2023-D13.ixx">
      <Filter>Source Files</Filter>
    </ClCompile>
    <ClCompile Include="2015\Puzzle2015-D13.ixx">
      <Filter>Source Files</Filter>
    </ClCompile>
    <ClCompile Include="2015\Puzzle2015-D13.cpp">
      <Filter>Source Files</Filter>
    </ClCompile>
    <ClCompile Include="2015\Puzzle2015-D14.cpp">
      <Filter>Source Files</Filter>
    </ClCompile>
    <ClCompile Include="2015\Puzzle2015-D14.ixx">
      <Filter>Source Files</Filter>
    </ClCompile>
    <ClCompile Include="2023\Puzzle2023-D14.cpp">
      <Filter>Source Files</Filter>
    </ClCompile>
    <ClCompile Include="2023\Puzzle2023-D14.ixx">
      <Filter>Source Files</Filter>
    </ClCompile>
    <ClCompile Include="2023\Puzzle2023-D15.cpp">
      <Filter>Source Files</Filter>
    </ClCompile>
    <ClCompile Include="2023\Puzzle2023-D15.ixx">
      <Filter>Source Files</Filter>
    </ClCompile>
    <ClCompile Include="2023\Puzzle2023-D16.cpp">
      <Filter>Source Files</Filter>
    </ClCompile>
    <ClCompile Include="2023\Puzzle2023-D17.cpp">
      <Filter>Source Files</Filter>
    </ClCompile>
    <ClCompile Include="2023\Puzzle2023-D16.ixx">
      <Filter>Source Files</Filter>
    </ClCompile>
    <ClCompile Include="2023\Puzzle2023-D17.ixx">
      <Filter>Source Files</Filter>
    </ClCompile>
    <ClCompile Include="2015\Puzzle2015-D15.ixx">
      <Filter>Source Files</Filter>
    </ClCompile>
    <ClCompile Include="2015\Puzzle2015-D15.cpp">
      <Filter>Source Files</Filter>
    </ClCompile>
    <ClCompile Include="2015\Puzzle2015-D16.cpp">
      <Filter>Source Files</Filter>
    </ClCompile>
    <ClCompile Include="2015\Puzzle2015-D16.ixx">
      <Filter>Source Files</Filter>
    </ClCompile>
    <ClCompile Include="2015\Puzzle2015-D17.ixx">
      <Filter>Source Files</Filter>
    </ClCompile>
    <ClCompile Include="2015\Puzzle2015-D17.cpp">
      <Filter>Source Files</Filter>
    </ClCompile>
    <ClCompile Include="2015\Puzzle2015-D18.cpp">
      <Filter>Source Files</Filter>
    </ClCompile>
    <ClCompile Include="2015\Puzzle2015-D18.ixx">
      <Filter>Source Files</Filter>
    </ClCompile>
    <ClCompile Include="2015\Puzzle2015-D19.ixx">
      <Filter>Source Files</Filter>
    </ClCompile>
    <ClCompile Include="2015\Puzzle2015-D19.cpp">
      <Filter>Source Files</Filter>
    </ClCompile>
    <ClCompile Include="2015\Puzzle2015-D20.cpp">
      <Filter>Source Files</Filter>
    </ClCompile>
    <ClCompile Include="2015\Puzzle2015-D20.ixx">
      <Filter>Source Files</Filter>
    </ClCompile>
    <ClCompile Include="2015\Puzzle2015-D21.ixx">
      <Filter>Source Files</Filter>
    </ClCompile>
    <ClCompile Include="2015\Puzzle2015-D21.cpp">
      <Filter>Source Files</Filter>
    </ClCompile>
    <ClCompile Include="2015\Puzzle2015-D23.cpp">
      <Filter>Source Files</Filter>
    </ClCompile>
    <ClCompile Include="2015\Puzzle2015-D23.ixx">
      <Filter>Source Files</Filter>
    </ClCompile>
    <ClCompile Include="2015\Puzzle2015-D22.ixx">
      <Filter>Source Files</Filter>
    </ClCompile>
    <ClCompile Include="2015\Puzzle2015-D24.ixx">
      <Filter>Source Files</Filter>
    </ClCompile>
    <ClCompile Include="2015\Puzzle2015-D25.ixx">
      <Filter>Source Files</Filter>
    </ClCompile>
    <ClCompile Include="2023\Puzzle2023-D12.ixx">
      <Filter>Source Files</Filter>
    </ClCompile>
    <ClCompile Include="2023\Puzzle2023-D18.ixx">
      <Filter>Source Files</Filter>
    </ClCompile>
    <ClCompile Include="2023\Puzzle2023-D19.ixx">
      <Filter>Source Files</Filter>
    </ClCompile>
    <ClCompile Include="2023\Puzzle2023-D20.ixx">
      <Filter>Source Files</Filter>
    </ClCompile>
    <ClCompile Include="2023\Puzzle2023-D21.ixx">
      <Filter>Source Files</Filter>
    </ClCompile>
    <ClCompile Include="2023\Puzzle2023-D22.ixx">
      <Filter>Source Files</Filter>
    </ClCompile>
    <ClCompile Include="2023\Puzzle2023-D23.ixx">
      <Filter>Source Files</Filter>
    </ClCompile>
    <ClCompile Include="2023\Puzzle2023-D24.ixx">
      <Filter>Source Files</Filter>
    </ClCompile>
    <ClCompile Include="2023\Puzzle2023-D25.ixx">
      <Filter>Source Files</Filter>
    </ClCompile>
  </ItemGroup>
  <ItemGroup>
    <ClInclude Include="2015\md5.h">
      <Filter>Header Files</Filter>
    </ClInclude>
  </ItemGroup>
</Project>